<?xml version="1.0" encoding="utf-8"?>
<Project ToolsVersion="18.0" xmlns="http://schemas.microsoft.com/developer/msbuild/2003">
  <ItemGroup>
    <CustomBuild Include="C:\Users\PC\Desktop\CARPETA FULLPOS\FULLPOS_PROYECTO\FULLPOS\windows\CMakeFiles\7e7c945543544c5971c7850667d228b6\flutter_windows.dll.rule">
      <Filter>CMake Rules</Filter>
    </CustomBuild>
    <CustomBuild Include="C:\Users\PC\Desktop\CARPETA FULLPOS\FULLPOS_PROYECTO\FULLPOS\windows\CMakeFiles\8fe30fee9569a4261641f2c8bae04704\flutter_assemble.rule">
      <Filter>CMake Rules</Filter>
    </CustomBuild>
    <CustomBuild Include="C:\Users\PC\Desktop\CARPETA FULLPOS\FULLPOS_PROYECTO\FULLPOS\windows\flutter\CMakeLists.txt" />
  </ItemGroup>
  <ItemGroup>
    <None Include="C:\Users\PC\Desktop\CARPETA FULLPOS\FULLPOS_PROYECTO\FULLPOS\windows\flutter\CMakeFiles\flutter_assemble" />
  </ItemGroup>
  <ItemGroup>
    <Filter Include="CMake Rules">
      <UniqueIdentifier>{7E310A4C-ED82-373F-B5D3-D88D372D0C9D}</UniqueIdentifier>
    </Filter>
  </ItemGroup>
</Project>
